
Microsoft Visual Studio Solution File, Format Version 12.00
# Visual Studio Version 17
VisualStudioVersion = 17.5.33627.172
MinimumVisualStudioVersion = 10.0.40219.1
Project("{FAE04EC0-301F-11D3-BF4B-00C04F79EFBC}") = "User_MVC", "User_MVC\User_MVC.csproj", "{101369FE-E00F-49C3-941D-51F18DB2CE1D}"
EndProject
Global
	GlobalSection(SolutionConfigurationPlatforms) = preSolution
		Debug|Any CPU = Debug|Any CPU
		Release|Any CPU = Release|Any CPU
	EndGlobalSection
	GlobalSection(ProjectConfigurationPlatforms) = postSolution
		{101369FE-E00F-49C3-941D-51F18DB2CE1D}.Debug|Any CPU.ActiveCfg = Debug|Any CPU
		{101369FE-E00F-49C3-941D-51F18DB2CE1D}.Debug|Any CPU.Build.0 = Debug|Any CPU
		{101369FE-E00F-49C3-941D-51F18DB2CE1D}.Release|Any CPU.ActiveCfg = Release|Any CPU
		{101369FE-E00F-49C3-941D-51F18DB2CE1D}.Release|Any CPU.Build.0 = Release|Any CPU
	EndGlobalSection
	GlobalSection(SolutionProperties) = preSolution
		HideSolutionNode = FALSE
	EndGlobalSection
	GlobalSection(ExtensibilityGlobals) = postSolution
		SolutionGuid = {410BC23A-55B3-4AFC-99BD-EA497B645E10}
	EndGlobalSection
EndGlobal
